// !$*UTF8*$!
{
	archiveVersion = 1;
	classes = {
	};
	objectVersion = 77;
	objects = {

/* Begin PBXContainerItemProxy section */
		D386DB9E2E7E9F8C005397E5 /* PBXContainerItemProxy */ = {
			isa = PBXContainerItemProxy;
			containerPortal = D386DB832E7E9F8B005397E5 /* Project object */;
			proxyType = 1;
			remoteGlobalIDString = D386DB8A2E7E9F8B005397E5;
			remoteInfo = SmartGuard;
		};
		D386DBA82E7E9F8C005397E5 /* PBXContainerItemProxy */ = {
			isa = PBXContainerItemProxy;
			containerPortal = D386DB832E7E9F8B005397E5 /* Project object */;
			proxyType = 1;
			remoteGlobalIDString = D386DB8A2E7E9F8B005397E5;
			remoteInfo = SmartGuard;
		};
/* End PBXContainerItemProxy section */

/* Begin PBXFileReference section */
		D386DB8B2E7E9F8B005397E5 /* SmartGuard.app */ = {isa = PBXFileReference; explicitFileType = wrapper.application; includeInIndex = 0; path = SmartGuard.app; sourceTree = BUILT_PRODUCTS_DIR; };
		D386DB9D2E7E9F8C005397E5 /* SmartGuardTests.xctest */ = {isa = PBXFileReference; explicitFileType = wrapper.cfbundle; includeInIndex = 0; path = SmartGuardTests.xctest; sourceTree = BUILT_PRODUCTS_DIR; };
		D386DBA72E7E9F8C005397E5 /* SmartGuardUITests.xctest */ = {isa = PBXFileReference; explicitFileType = wrapper.cfbundle; includeInIndex = 0; path = SmartGuardUITests.xctest; sourceTree = BUILT_PRODUCTS_DIR; };
/* End PBXFileReference section */

/* Begin PBXFileSystemSynchronizedRootGroup section */
		D386DB8D2E7E9F8B005397E5 /* SmartGuard */ = {
			isa = PBXFileSystemSynchronizedRootGroup;
			path = SmartGuard;
			sourceTree = "<group>";
		};
		D386DBA02E7E9F8C005397E5 /* SmartGuardTests */ = {
			isa = PBXFileSystemSynchronizedRootGroup;
			path = SmartGuardTests;
			sourceTree = "<group>";
		};
		D386DBAA2E7E9F8C005397E5 /* SmartGuardUITests */ = {
			isa = PBXFileSystemSynchronizedRootGroup;
			path = SmartGuardUITests;
			sourceTree = "<group>";
		};
/* End PBXFileSystemSynchronizedRootGroup section */

/* Begin PBXFrameworksBuildPhase section */
		D386DB882E7E9F8B005397E5 /* Frameworks */ = {
			isa = PBXFrameworksBuildPhase;
			buildActionMask = 2147483647;
			files = (
			);
			runOnlyForDeploymentPostprocessing = 0;
		};
		D386DB9A2E7E9F8C005397E5 /* Frameworks */ = {
			isa = PBXFrameworksBuildPhase;
			buildActionMask = 2147483647;
			files = (
			);
			runOnlyForDeploymentPostprocessing = 0;
		};
		D386DBA42E7E9F8C005397E5 /* Frameworks */ = {
			isa = PBXFrameworksBuildPhase;
			buildActionMask = 2147483647;
			files = (
			);
			runOnlyForDeploymentPostprocessing = 0;
		};
/* End PBXFrameworksBuildPhase section */

/* Begin PBXGroup section */
		D386DB822E7E9F8B005397E5 = {
			isa = PBXGroup;
			children = (
				D386DB8D2E7E9F8B005397E5 /* SmartGuard */,
				D386DBA02E7E9F8C005397E5 /* SmartGuardTests */,
				D386DBAA2E7E9F8C005397E5 /* SmartGuardUITests */,
				D386DB8C2E7E9F8B005397E5 /* Products */,
			);
			sourceTree = "<group>";
		};
		D386DB8C2E7E9F8B005397E5 /* Products */ = {
			isa = PBXGroup;
			children = (
				D386DB8B2E7E9F8B005397E5 /* SmartGuard.app */,
				D386DB9D2E7E9F8C005397E5 /* SmartGuardTests.xctest */,
				D386DBA72E7E9F8C005397E5 /* SmartGuardUITests.xctest */,
			);
			name = Products;
			sourceTree = "<group>";
		};
/* End PBXGroup section */

/* Begin PBXNativeTarget section */
		D386DB8A2E7E9F8B005397E5 /* SmartGuard */ = {
			isa = PBXNativeTarget;
			buildConfigurationList = D386DBB12E7E9F8C005397E5 /* Build configuration list for PBXNativeTarget "SmartGuard" */;
			buildPhases = (
				D386DB872E7E9F8B005397E5 /* Sources */,
				D386DB882E7E9F8B005397E5 /* Frameworks */,
				D386DB892E7E9F8B005397E5 /* Resources */,
			);
			buildRules = (
			);
			dependencies = (
			);
			fileSystemSynchronizedGroups = (
				D386DB8D2E7E9F8B005397E5 /* SmartGuard */,
			);
			name = SmartGuard;
			packageProductDependencies = (
			);
			productName = SmartGuard;
			productReference = D386DB8B2E7E9F8B005397E5 /* SmartGuard.app */;
			productType = "com.apple.product-type.application";
		};
		D386DB9C2E7E9F8C005397E5 /* SmartGuardTests */ = {
			isa = PBXNativeTarget;
			buildConfigurationList = D386DBB42E7E9F8C005397E5 /* Build configuration list for PBXNativeTarget "SmartGuardTests" */;
			buildPhases = (
				D386DB992E7E9F8C005397E5 /* Sources */,
				D386DB9A2E7E9F8C005397E5 /* Frameworks */,
				D386DB9B2E7E9F8C005397E5 /* Resources */,
			);
			buildRules = (
			);
			dependencies = (
				D386DB9F2E7E9F8C005397E5 /* PBXTargetDependency */,
			);
			fileSystemSynchronizedGroups = (
				D386DBA02E7E9F8C005397E5 /* SmartGuardTests */,
			);
			name = SmartGuardTests;
			packageProductDependencies = (
			);
			productName = SmartGuardTests;
			productReference = D386DB9D2E7E9F8C005397E5 /* SmartGuardTests.xctest */;
			productType = "com.apple.product-type.bundle.unit-test";
		};
		D386DBA62E7E9F8C005397E5 /* SmartGuardUITests */ = {
			isa = PBXNativeTarget;
			buildConfigurationList = D386DBB72E7E9F8C005397E5 /* Build configuration list for PBXNativeTarget "SmartGuardUITests" */;
			buildPhases = (
				D386DBA32E7E9F8C005397E5 /* Sources */,
				D386DBA42E7E9F8C005397E5 /* Frameworks */,
				D386DBA52E7E9F8C005397E5 /* Resources */,
			);
			buildRules = (
			);
			dependencies = (
				D386DBA92E7E9F8C005397E5 /* PBXTargetDependency */,
			);
			fileSystemSynchronizedGroups = (
				D386DBAA2E7E9F8C005397E5 /* SmartGuardUITests */,
			);
			name = SmartGuardUITests;
			packageProductDependencies = (
			);
			productName = SmartGuardUITests;
			productReference = D386DBA72E7E9F8C005397E5 /* SmartGuardUITests.xctest */;
			productType = "com.apple.product-type.bundle.ui-testing";
		};
/* End PBXNativeTarget section */

/* Begin PBXProject section */
		D386DB832E7E9F8B005397E5 /* Project object */ = {
			isa = PBXProject;
			attributes = {
				BuildIndependentTargetsInParallel = 1;
				LastSwiftUpdateCheck = 1640;
				LastUpgradeCheck = 1640;
				TargetAttributes = {
					D386DB8A2E7E9F8B005397E5 = {
						CreatedOnToolsVersion = 16.4;
					};
					D386DB9C2E7E9F8C005397E5 = {
						CreatedOnToolsVersion = 16.4;
						TestTargetID = D386DB8A2E7E9F8B005397E5;
					};
					D386DBA62E7E9F8C005397E5 = {
						CreatedOnToolsVersion = 16.4;
						TestTargetID = D386DB8A2E7E9F8B005397E5;
					};
				};
			};
			buildConfigurationList = D386DB862E7E9F8B005397E5 /* Build configuration list for PBXProject "SmartGuard" */;
			developmentRegion = en;
			hasScannedForEncodings = 0;
			knownRegions = (
				en,
				Base,
			);
			mainGroup = D386DB822E7E9F8B005397E5;
			minimizedProjectReferenceProxies = 1;
			preferredProjectObjectVersion = 77;
			productRefGroup = D386DB8C2E7E9F8B005397E5 /* Products */;
			projectDirPath = "";
			projectRoot = "";
			targets = (
				D386DB8A2E7E9F8B005397E5 /* SmartGuard */,
				D386DB9C2E7E9F8C005397E5 /* SmartGuardTests */,
				D386DBA62E7E9F8C005397E5 /* SmartGuardUITests */,
			);
		};
/* End PBXProject section */

/* Begin PBXResourcesBuildPhase section */
		D386DB892E7E9F8B005397E5 /* Resources */ = {
			isa = PBXResourcesBuildPhase;
			buildActionMask = 2147483647;
			files = (
			);
			runOnlyForDeploymentPostprocessing = 0;
		};
		D386DB9B2E7E9F8C005397E5 /* Resources */ = {
			isa = PBXResourcesBuildPhase;
			buildActionMask = 2147483647;
			files = (
			);
			runOnlyForDeploymentPostprocessing = 0;
		};
		D386DBA52E7E9F8C005397E5 /* Resources */ = {
			isa = PBXResourcesBuildPhase;
			buildActionMask = 2147483647;
			files = (
			);
			runOnlyForDeploymentPostprocessing = 0;
		};
/* End PBXResourcesBuildPhase section */

/* Begin PBXSourcesBuildPhase section */
		D386DB872E7E9F8B005397E5 /* Sources */ = {
			isa = PBXSourcesBuildPhase;
			buildActionMask = 2147483647;
			files = (
			);
			runOnlyForDeploymentPostprocessing = 0;
		};
		D386DB992E7E9F8C005397E5 /* Sources */ = {
			isa = PBXSourcesBuildPhase;
			buildActionMask = 2147483647;
			files = (
			);
			runOnlyForDeploymentPostprocessing = 0;
		};
		D386DBA32E7E9F8C005397E5 /* Sources */ = {
			isa = PBXSourcesBuildPhase;
			buildActionMask = 2147483647;
			files = (
			);
			runOnlyForDeploymentPostprocessing = 0;
		};
/* End PBXSourcesBuildPhase section */

/* Begin PBXTargetDependency section */
		D386DB9F2E7E9F8C005397E5 /* PBXTargetDependency */ = {
			isa = PBXTargetDependency;
			target = D386DB8A2E7E9F8B005397E5 /* SmartGuard */;
			targetProxy = D386DB9E2E7E9F8C005397E5 /* PBXContainerItemProxy */;
		};
		D386DBA92E7E9F8C005397E5 /* PBXTargetDependency */ = {
			isa = PBXTargetDependency;
			target = D386DB8A2E7E9F8B005397E5 /* SmartGuard */;
			targetProxy = D386DBA82E7E9F8C005397E5 /* PBXContainerItemProxy */;
		};
/* End PBXTargetDependency section */

/* Begin XCBuildConfiguration section */
		D386DBAF2E7E9F8C005397E5 /* Debug */ = {
			isa = XCBuildConfiguration;
			buildSettings = {
				ALWAYS_SEARCH_USER_PATHS = NO;
				ASSETCATALOG_COMPILER_GENERATE_SWIFT_ASSET_SYMBOL_EXTENSIONS = YES;
				CLANG_ANALYZER_NONNULL = YES;
				CLANG_ANALYZER_NUMBER_OBJECT_CONVERSION = YES_AGGRESSIVE;
				CLANG_CXX_LANGUAGE_STANDARD = "gnu++20";
				CLANG_ENABLE_MODULES = YES;
				CLANG_ENABLE_OBJC_ARC = YES;
				CLANG_ENABLE_OBJC_WEAK = YES;
				CLANG_WARN_BLOCK_CAPTURE_AUTORELEASING = YES;
				CLANG_WARN_BOOL_CONVERSION = YES;
				CLANG_WARN_COMMA = YES;
				CLANG_WARN_CONSTANT_CONVERSION = YES;
				CLANG_WARN_DEPRECATED_OBJC_IMPLEMENTATIONS = YES;
				CLANG_WARN_DIRECT_OBJC_ISA_USAGE = YES_ERROR;
				CLANG_WARN_DOCUMENTATION_COMMENTS = YES;
				CLANG_WARN_EMPTY_BODY = YES;
				CLANG_WARN_ENUM_CONVERSION = YES;
				CLANG_WARN_INFINITE_RECURSION = YES;
				CLANG_WARN_INT_CONVERSION = YES;
				CLANG_WARN_NON_LITERAL_NULL_CONVERSION = YES;
				CLANG_WARN_OBJC_IMPLICIT_RETAIN_SELF = YES;
				CLANG_WARN_OBJC_LITERAL_CONVERSION = YES;
				CLANG_WARN_OBJC_ROOT_CLASS = YES_ERROR;
				CLANG_WARN_QUOTED_INCLUDE_IN_FRAMEWORK_HEADER = YES;
				CLANG_WARN_RANGE_LOOP_ANALYSIS = YES;
				CLANG_WARN_STRICT_PROTOTYPES = YES;
				CLANG_WARN_SUSPICIOUS_MOVE = YES;
				CLANG_WARN_UNGUARDED_AVAILABILITY = YES_AGGRESSIVE;
				CLANG_WARN_UNREACHABLE_CODE = YES;
				CLANG_WARN__DUPLICATE_METHOD_MATCH = YES;
				COPY_PHASE_STRIP = NO;
				DEBUG_INFORMATION_FORMAT = dwarf;
				DEVELOPMENT_TEAM = 9538ZL32LJ;
				ENABLE_STRICT_OBJC_MSGSEND = YES;
				ENABLE_TESTABILITY = YES;
				ENABLE_USER_SCRIPT_SANDBOXING = YES;
				GCC_C_LANGUAGE_STANDARD = gnu17;
				GCC_DYNAMIC_NO_PIC = NO;
				GCC_NO_COMMON_BLOCKS = YES;
				GCC_OPTIMIZATION_LEVEL = 0;
				GCC_PREPROCESSOR_DEFINITIONS = (
					"DEBUG=1",
					"$(inherited)",
				);
				GCC_WARN_64_TO_32_BIT_CONVERSION = YES;
				GCC_WARN_ABOUT_RETURN_TYPE = YES_ERROR;
				GCC_WARN_UNDECLARED_SELECTOR = YES;
				GCC_WARN_UNINITIALIZED_AUTOS = YES_AGGRESSIVE;
				GCC_WARN_UNUSED_FUNCTION = YES;
				GCC_WARN_UNUSED_VARIABLE = YES;
				IPHONEOS_DEPLOYMENT_TARGET = 18.5;
				LOCALIZATION_PREFERS_STRING_CATALOGS = YES;
				MTL_ENABLE_DEBUG_INFO = INCLUDE_SOURCE;
				MTL_FAST_MATH = YES;
				ONLY_ACTIVE_ARCH = YES;
				SDKROOT = iphoneos;
				SWIFT_ACTIVE_COMPILATION_CONDITIONS = "DEBUG $(inherited)";
				SWIFT_OPTIMIZATION_LEVEL = "-Onone";
			};
			name = Debug;
		};
		D386DBB02E7E9F8C005397E5 /* Release */ = {
			isa = XCBuildConfiguration;
			buildSettings = {
				ALWAYS_SEARCH_USER_PATHS = NO;
				ASSETCATALOG_COMPILER_GENERATE_SWIFT_ASSET_SYMBOL_EXTENSIONS = YES;
				CLANG_ANALYZER_NONNULL = YES;
				CLANG_ANALYZER_NUMBER_OBJECT_CONVERSION = YES_AGGRESSIVE;
				CLANG_CXX_LANGUAGE_STANDARD = "gnu++20";
				CLANG_ENABLE_MODULES = YES;
				CLANG_ENABLE_OBJC_ARC = YES;
				CLANG_ENABLE_OBJC_WEAK = YES;
				CLANG_WARN_BLOCK_CAPTURE_AUTORELEASING = YES;
				CLANG_WARN_BOOL_CONVERSION = YES;
				CLANG_WARN_COMMA = YES;
				CLANG_WARN_CONSTANT_CONVERSION = YES;
				CLANG_WARN_DEPRECATED_OBJC_IMPLEMENTATIONS = YES;
				CLANG_WARN_DIRECT_OBJC_ISA_USAGE = YES_ERROR;
				CLANG_WARN_DOCUMENTATION_COMMENTS = YES;
				CLANG_WARN_EMPTY_BODY = YES;
				CLANG_WARN_ENUM_CONVERSION = YES;
				CLANG_WARN_INFINITE_RECURSION = YES;
				CLANG_WARN_INT_CONVERSION = YES;
				CLANG_WARN_NON_LITERAL_NULL_CONVERSION = YES;
				CLANG_WARN_OBJC_IMPLICIT_RETAIN_SELF = YES;
				CLANG_WARN_OBJC_LITERAL_CONVERSION = YES;
				CLANG_WARN_OBJC_ROOT_CLASS = YES_ERROR;
				CLANG_WARN_QUOTED_INCLUDE_IN_FRAMEWORK_HEADER = YES;
				CLANG_WARN_RANGE_LOOP_ANALYSIS = YES;
				CLANG_WARN_STRICT_PROTOTYPES = YES;
				CLANG_WARN_SUSPICIOUS_MOVE = YES;
				CLANG_WARN_UNGUARDED_AVAILABILITY = YES_AGGRESSIVE;
				CLANG_WARN_UNREACHABLE_CODE = YES;
				CLANG_WARN__DUPLICATE_METHOD_MATCH = YES;
				COPY_PHASE_STRIP = NO;
				DEBUG_INFORMATION_FORMAT = "dwarf-with-dsym";
				DEVELOPMENT_TEAM = 9538ZL32LJ;
				ENABLE_NS_ASSERTIONS = NO;
				ENABLE_STRICT_OBJC_MSGSEND = YES;
				ENABLE_USER_SCRIPT_SANDBOXING = YES;
				GCC_C_LANGUAGE_STANDARD = gnu17;
				GCC_NO_COMMON_BLOCKS = YES;
				GCC_WARN_64_TO_32_BIT_CONVERSION = YES;
				GCC_WARN_ABOUT_RETURN_TYPE = YES_ERROR;
				GCC_WARN_UNDECLARED_SELECTOR = YES;
				GCC_WARN_UNINITIALIZED_AUTOS = YES_AGGRESSIVE;
				GCC_WARN_UNUSED_FUNCTION = YES;
				GCC_WARN_UNUSED_VARIABLE = YES;
				IPHONEOS_DEPLOYMENT_TARGET = 18.5;
				LOCALIZATION_PREFERS_STRING_CATALOGS = YES;
				MTL_ENABLE_DEBUG_INFO = NO;
				MTL_FAST_MATH = YES;
				SDKROOT = iphoneos;
				SWIFT_COMPILATION_MODE = wholemodule;
				VALIDATE_PRODUCT = YES;
			};
			name = Release;
		};
		D386DBB22E7E9F8C005397E5 /* Debug */ = {
			isa = XCBuildConfiguration;
			buildSettings = {
				ASSETCATALOG_COMPILER_APPICON_NAME = AppIcon;
				ASSETCATALOG_COMPILER_GLOBAL_ACCENT_COLOR_NAME = AccentColor;
				CODE_SIGN_STYLE = Automatic;
				CURRENT_PROJECT_VERSION = 1;
				DEVELOPMENT_TEAM = 9538ZL32LJ;
				ENABLE_PREVIEWS = YES;
				GENERATE_INFOPLIST_FILE = YES;
				INFOPLIST_KEY_UIApplicationSceneManifest_Generation = YES;
				INFOPLIST_KEY_UIApplicationSupportsIndirectInputEvents = YES;
				INFOPLIST_KEY_UILaunchScreen_Generation = YES;
				INFOPLIST_KEY_UISupportedInterfaceOrientations_iPad = "UIInterfaceOrientationPortrait UIInterfaceOrientationPortraitUpsideDown UIInterfaceOrientationLandscapeLeft UIInterfaceOrientationLandscapeRight";
				INFOPLIST_KEY_UISupportedInterfaceOrientations_iPhone = "UIInterfaceOrientationPortrait UIInterfaceOrientationLandscapeLeft UIInterfaceOrientationLandscapeRight";
				LD_RUNPATH_SEARCH_PATHS = (
					"$(inherited)",
					"@executable_path/Frameworks",
				);
				MARKETING_VERSION = 1.0;
				PRODUCT_BUNDLE_IDENTIFIER = "Brian-Chan.SmartGuard";
				PRODUCT_NAME = "$(TARGET_NAME)";
				SWIFT_EMIT_LOC_STRINGS = YES;
				SWIFT_VERSION = 5.0;
				TARGETED_DEVICE_FAMILY = "1,2";
			};
			name = Debug;
		};
		D386DBB32E7E9F8C005397E5 /* Release */ = {
			isa = XCBuildConfiguration;
			buildSettings = {
				ASSETCATALOG_COMPILER_APPICON_NAME = AppIcon;
				ASSETCATALOG_COMPILER_GLOBAL_ACCENT_COLOR_NAME = AccentColor;
				CODE_SIGN_STYLE = Automatic;
				CURRENT_PROJECT_VERSION = 1;
				DEVELOPMENT_TEAM = 9538ZL32LJ;
				ENABLE_PREVIEWS = YES;
				GENERATE_INFOPLIST_FILE = YES;
				INFOPLIST_KEY_UIApplicationSceneManifest_Generation = YES;
				INFOPLIST_KEY_UIApplicationSupportsIndirectInputEvents = YES;
				INFOPLIST_KEY_UILaunchScreen_Generation = YES;
				INFOPLIST_KEY_UISupportedInterfaceOrientations_iPad = "UIInterfaceOrientationPortrait UIInterfaceOrientationPortraitUpsideDown UIInterfaceOrientationLandscapeLeft UIInterfaceOrientationLandscapeRight";
				INFOPLIST_KEY_UISupportedInterfaceOrientations_iPhone = "UIInterfaceOrientationPortrait UIInterfaceOrientationLandscapeLeft UIInterfaceOrientationLandscapeRight";
				LD_RUNPATH_SEARCH_PATHS = (
					"$(inherited)",
					"@executable_path/Frameworks",
				);
				MARKETING_VERSION = 1.0;
				PRODUCT_BUNDLE_IDENTIFIER = "Brian-Chan.SmartGuard";
				PRODUCT_NAME = "$(TARGET_NAME)";
				SWIFT_EMIT_LOC_STRINGS = YES;
				SWIFT_VERSION = 5.0;
				TARGETED_DEVICE_FAMILY = "1,2";
			};
			name = Release;
		};
		D386DBB52E7E9F8C005397E5 /* Debug */ = {
			isa = XCBuildConfiguration;
			buildSettings = {
				BUNDLE_LOADER = "$(TEST_HOST)";
				CODE_SIGN_STYLE = Automatic;
				CURRENT_PROJECT_VERSION = 1;
				DEVELOPMENT_TEAM = 9538ZL32LJ;
				GENERATE_INFOPLIST_FILE = YES;
				IPHONEOS_DEPLOYMENT_TARGET = 18.5;
				MARKETING_VERSION = 1.0;
				PRODUCT_BUNDLE_IDENTIFIER = "Brian-Chan.SmartGuardTests";
				PRODUCT_NAME = "$(TARGET_NAME)";
				SWIFT_EMIT_LOC_STRINGS = NO;
				SWIFT_VERSION = 5.0;
				TARGETED_DEVICE_FAMILY = "1,2";
				TEST_HOST = "$(BUILT_PRODUCTS_DIR)/SmartGuard.app/$(BUNDLE_EXECUTABLE_FOLDER_PATH)/SmartGuard";
			};
			name = Debug;
		};
		D386DBB62E7E9F8C005397E5 /* Release */ = {
			isa = XCBuildConfiguration;
			buildSettings = {
				BUNDLE_LOADER = "$(TEST_HOST)";
				CODE_SIGN_STYLE = Automatic;
				CURRENT_PROJECT_VERSION = 1;
				DEVELOPMENT_TEAM = 9538ZL32LJ;
				GENERATE_INFOPLIST_FILE = YES;
				IPHONEOS_DEPLOYMENT_TARGET = 18.5;
				MARKETING_VERSION = 1.0;
				PRODUCT_BUNDLE_IDENTIFIER = "Brian-Chan.SmartGuardTests";
				PRODUCT_NAME = "$(TARGET_NAME)";
				SWIFT_EMIT_LOC_STRINGS = NO;
				SWIFT_VERSION = 5.0;
				TARGETED_DEVICE_FAMILY = "1,2";
				TEST_HOST = "$(BUILT_PRODUCTS_DIR)/SmartGuard.app/$(BUNDLE_EXECUTABLE_FOLDER_PATH)/SmartGuard";
			};
			name = Release;
		};
		D386DBB82E7E9F8C005397E5 /* Debug */ = {
			isa = XCBuildConfiguration;
			buildSettings = {
				CODE_SIGN_STYLE = Automatic;
				CURRENT_PROJECT_VERSION = 1;
				DEVELOPMENT_TEAM = 9538ZL32LJ;
				GENERATE_INFOPLIST_FILE = YES;
				MARKETING_VERSION = 1.0;
				PRODUCT_BUNDLE_IDENTIFIER = "Brian-Chan.SmartGuardUITests";
				PRODUCT_NAME = "$(TARGET_NAME)";
				SWIFT_EMIT_LOC_STRINGS = NO;
				SWIFT_VERSION = 5.0;
				TARGETED_DEVICE_FAMILY = "1,2";
				TEST_TARGET_NAME = SmartGuard;
			};
			name = Debug;
		};
		D386DBB92E7E9F8C005397E5 /* Release */ = {
			isa = XCBuildConfiguration;
			buildSettings = {
				CODE_SIGN_STYLE = Automatic;
				CURRENT_PROJECT_VERSION = 1;
				DEVELOPMENT_TEAM = 9538ZL32LJ;
				GENERATE_INFOPLIST_FILE = YES;
				MARKETING_VERSION = 1.0;
				PRODUCT_BUNDLE_IDENTIFIER = "Brian-Chan.SmartGuardUITests";
				PRODUCT_NAME = "$(TARGET_NAME)";
				SWIFT_EMIT_LOC_STRINGS = NO;
				SWIFT_VERSION = 5.0;
				TARGETED_DEVICE_FAMILY = "1,2";
				TEST_TARGET_NAME = SmartGuard;
			};
			name = Release;
		};
/* End XCBuildConfiguration section */

/* Begin XCConfigurationList section */
		D386DB862E7E9F8B005397E5 /* Build configuration list for PBXProject "SmartGuard" */ = {
			isa = XCConfigurationList;
			buildConfigurations = (
				D386DBAF2E7E9F8C005397E5 /* Debug */,
				D386DBB02E7E9F8C005397E5 /* Release */,
			);
			defaultConfigurationIsVisible = 0;
			defaultConfigurationName = Release;
		};
		D386DBB12E7E9F8C005397E5 /* Build configuration list for PBXNativeTarget "SmartGuard" */ = {
			isa = XCConfigurationList;
			buildConfigurations = (
				D386DBB22E7E9F8C005397E5 /* Debug */,
				D386DBB32E7E9F8C005397E5 /* Release */,
			);
			defaultConfigurationIsVisible = 0;
			defaultConfigurationName = Release;
		};
		D386DBB42E7E9F8C005397E5 /* Build configuration list for PBXNativeTarget "SmartGuardTests" */ = {
			isa = XCConfigurationList;
			buildConfigurations = (
				D386DBB52E7E9F8C005397E5 /* Debug */,
				D386DBB62E7E9F8C005397E5 /* Release */,
			);
			defaultConfigurationIsVisible = 0;
			defaultConfigurationName = Release;
		};
		D386DBB72E7E9F8C005397E5 /* Build configuration list for PBXNativeTarget "SmartGuardUITests" */ = {
			isa = XCConfigurationList;
			buildConfigurations = (
				D386DBB82E7E9F8C005397E5 /* Debug */,
				D386DBB92E7E9F8C005397E5 /* Release */,
			);
			defaultConfigurationIsVisible = 0;
			defaultConfigurationName = Release;
		};
/* End XCConfigurationList section */
	};
	rootObject = D386DB832E7E9F8B005397E5 /* Project object */;
}
